%{
  "aws_signature": {:hex, :aws_signature, "0.3.1", "67f369094cbd55ffa2bbd8cc713ede14b195fcfb45c86665cd7c5ad010276148", [:rebar3], [], "hexpm", "50fc4dc1d1f7c2d0a8c63f455b3c66ecd74c1cf4c915c768a636f9227704a674"},
  "castore": {:hex, :castore, "1.0.4", "ff4d0fb2e6411c0479b1d965a814ea6d00e51eb2f58697446e9c41a97d940b28", [:mix], [], "hexpm", "9418c1b8144e11656f0be99943db4caf04612e3eaecefb5dae9a2a87565584f8"},
  "complex": {:hex, :complex, "0.5.0", "af2d2331ff6170b61bb738695e481b27a66780e18763e066ee2cd863d0b1dd92", [:mix], [], "hexpm", "2683bd3c184466cfb94fad74cbfddfaa94b860e27ad4ca1bffe3bff169d91ef1"},
  "elixir_make": {:hex, :elixir_make, "0.7.7", "7128c60c2476019ed978210c245badf08b03dbec4f24d05790ef791da11aa17c", [:mix], [{:castore, "~> 0.1 or ~> 1.0", [hex: :castore, repo: "hexpm", optional: true]}], "hexpm", "5bc19fff950fad52bbe5f211b12db9ec82c6b34a9647da0c2224b8b8464c7e6c"},
  "exla": {:hex, :exla, "0.6.4", "24a46884696c4904d7c8f87a41461a7460f5f118ca171062044d187b32fae279", [:make, :mix], [{:elixir_make, "~> 0.6", [hex: :elixir_make, repo: "hexpm", optional: false]}, {:nx, "~> 0.6.4", [hex: :nx, repo: "hexpm", optional: false]}, {:telemetry, "~> 0.4.0 or ~> 1.0", [hex: :telemetry, repo: "hexpm", optional: false]}, {:xla, "~> 0.5.0", [hex: :xla, repo: "hexpm", optional: false]}], "hexpm", "09b3608b55941736f222388da7611f33fe4b0bb308119cdf2f32f50b924d0ad6"},
  "explorer": {:hex, :explorer, "0.7.2", "6667bba5bc4ed3f65b08f3d2fa223011726aa1500f3ecb0bfcceede856fc7972", [:mix], [{:adbc, "~> 0.1", [hex: :adbc, repo: "hexpm", optional: true]}, {:aws_signature, "~> 0.3", [hex: :aws_signature, repo: "hexpm", optional: false]}, {:castore, "~> 1.0", [hex: :castore, repo: "hexpm", optional: false]}, {:fss, "~> 0.1", [hex: :fss, repo: "hexpm", optional: false]}, {:nx, "~> 0.4", [hex: :nx, repo: "hexpm", optional: true]}, {:rustler, "~> 0.29.0", [hex: :rustler, repo: "hexpm", optional: true]}, {:rustler_precompiled, "~> 0.7", [hex: :rustler_precompiled, repo: "hexpm", optional: false]}, {:table, "~> 0.1.2", [hex: :table, repo: "hexpm", optional: false]}, {:table_rex, "~> 3.1.1 or ~> 4.0.0", [hex: :table_rex, repo: "hexpm", optional: false]}], "hexpm", "c1d89f1602ea336f69d9e0336cf4f68360f9e986652b0f74b7d6bacb2c978db0"},
  "fss": {:hex, :fss, "0.1.1", "9db2344dbbb5d555ce442ac7c2f82dd975b605b50d169314a20f08ed21e08642", [:mix], [], "hexpm", "78ad5955c7919c3764065b21144913df7515d52e228c09427a004afe9c1a16b0"},
  "jason": {:hex, :jason, "1.4.1", "af1504e35f629ddcdd6addb3513c3853991f694921b1b9368b0bd32beb9f1b63", [:mix], [{:decimal, "~> 1.0 or ~> 2.0", [hex: :decimal, repo: "hexpm", optional: true]}], "hexpm", "fbb01ecdfd565b56261302f7e1fcc27c4fb8f32d56eab74db621fc154604a7a1"},
  "nx": {:hex, :nx, "0.6.4", "948d9f42f81e63fc901d243ac0a985c8bb87358be62e27826cfd67f58bc640af", [:mix], [{:complex, "~> 0.5", [hex: :complex, repo: "hexpm", optional: false]}, {:telemetry, "~> 0.4.0 or ~> 1.0", [hex: :telemetry, repo: "hexpm", optional: false]}], "hexpm", "bb9c2e2e3545b5eb4739d69046a988daaa212d127dba7d97801c291616aff6d6"},
  "owl": {:hex, :owl, "0.8.0", "0ef925cb784311093d4e3734822960cbdbdb13b095d748bb5bc82abcd5b56732", [:mix], [], "hexpm", "0a5586ceb1a12f4bbda90e330c20e6ea034552335d09466c10e4218c98977529"},
  "rustler_precompiled": {:hex, :rustler_precompiled, "0.7.1", "ecadf02cc59a0eccbaed6c1937303a5827fbcf60010c541595e6d3747d3d0f9f", [:mix], [{:castore, "~> 0.1 or ~> 1.0", [hex: :castore, repo: "hexpm", optional: false]}, {:rustler, "~> 0.23", [hex: :rustler, repo: "hexpm", optional: true]}], "hexpm", "b9e4657b99a1483ea31502e1d58c464bedebe9028808eda45c3a429af4550c66"},
  "stream_data": {:hex, :stream_data, "0.6.0", "e87a9a79d7ec23d10ff83eb025141ef4915eeb09d4491f79e52f2562b73e5f47", [:mix], [], "hexpm", "b92b5031b650ca480ced047578f1d57ea6dd563f5b57464ad274718c9c29501c"},
  "table": {:hex, :table, "0.1.2", "87ad1125f5b70c5dea0307aa633194083eb5182ec537efc94e96af08937e14a8", [:mix], [], "hexpm", "7e99bc7efef806315c7e65640724bf165c3061cdc5d854060f74468367065029"},
  "table_rex": {:hex, :table_rex, "4.0.0", "3c613a68ebdc6d4d1e731bc973c233500974ec3993c99fcdabb210407b90959b", [:mix], [], "hexpm", "c35c4d5612ca49ebb0344ea10387da4d2afe278387d4019e4d8111e815df8f55"},
  "telemetry": {:hex, :telemetry, "1.2.1", "68fdfe8d8f05a8428483a97d7aab2f268aaff24b49e0f599faa091f1d4e7f61c", [:rebar3], [], "hexpm", "dad9ce9d8effc621708f99eac538ef1cbe05d6a874dd741de2e689c47feafed5"},
  "xla": {:hex, :xla, "0.5.1", "8ba4c2c51c1a708ff54e9d4f88158c1a75b7f2cb3e5db02bf222b5b3852afffd", [:make, :mix], [{:elixir_make, "~> 0.4", [hex: :elixir_make, repo: "hexpm", optional: false]}], "hexpm", "82a2490f6e9a76c8a29d1aedb47f07c59e3d5081095eac5a74db34d46c8212bc"},
}
